
Microsoft Visual Studio Solution File, Format Version 12.00
# Visual Studio 2012
Project("{FAE04EC0-301F-11D3-BF4B-00C04F79EFBC}") = "Reflectinator", "Reflectinator\Reflectinator.csproj", "{1BBAEFB0-F94C-4FC4-95FB-401D0C6B215D}"
EndProject
Project("{FAE04EC0-301F-11D3-BF4B-00C04F79EFBC}") = "Reflectinator.Tests", "Reflectinator.Tests\Reflectinator.Tests.csproj", "{7C6B55B7-26C4-4496-99B7-D70D3DA715A1}"
EndProject
Global
	GlobalSection(SolutionConfigurationPlatforms) = preSolution
		Debug|Any CPU = Debug|Any CPU
		Release|Any CPU = Release|Any CPU
	EndGlobalSection
	GlobalSection(ProjectConfigurationPlatforms) = postSolution
		{1BBAEFB0-F94C-4FC4-95FB-401D0C6B215D}.Debug|Any CPU.ActiveCfg = Debug|Any CPU
		{1BBAEFB0-F94C-4FC4-95FB-401D0C6B215D}.Debug|Any CPU.Build.0 = Debug|Any CPU
		{1BBAEFB0-F94C-4FC4-95FB-401D0C6B215D}.Release|Any CPU.ActiveCfg = Release|Any CPU
		{1BBAEFB0-F94C-4FC4-95FB-401D0C6B215D}.Release|Any CPU.Build.0 = Release|Any CPU
		{7C6B55B7-26C4-4496-99B7-D70D3DA715A1}.Debug|Any CPU.ActiveCfg = Debug|Any CPU
		{7C6B55B7-26C4-4496-99B7-D70D3DA715A1}.Debug|Any CPU.Build.0 = Debug|Any CPU
		{7C6B55B7-26C4-4496-99B7-D70D3DA715A1}.Release|Any CPU.ActiveCfg = Release|Any CPU
		{7C6B55B7-26C4-4496-99B7-D70D3DA715A1}.Release|Any CPU.Build.0 = Release|Any CPU
	EndGlobalSection
	GlobalSection(SolutionProperties) = preSolution
		HideSolutionNode = FALSE
	EndGlobalSection
EndGlobal
